
Microsoft Visual Studio Solution File, Format Version 12.00
# Visual Studio Version 16
VisualStudioVersion = 16.0.33214.272
MinimumVisualStudioVersion = 10.0.40219.1
Project("{FAE04EC0-301F-11D3-BF4B-00C04F79EFBC}") = "SystemCam", "SystemCam\SystemCam.csproj", "{761C0BDA-C463-41BF-A566-B852BBEEE808}"
EndProject
Global
	GlobalSection(SolutionConfigurationPlatforms) = preSolution
		Debug|Any CPU = Debug|Any CPU
		Release|Any CPU = Release|Any CPU
	EndGlobalSection
	GlobalSection(ProjectConfigurationPlatforms) = postSolution
		{761C0BDA-C463-41BF-A566-B852BBEEE808}.Debug|Any CPU.ActiveCfg = Debug|Any CPU
		{761C0BDA-C463-41BF-A566-B852BBEEE808}.Debug|Any CPU.Build.0 = Debug|Any CPU
		{761C0BDA-C463-41BF-A566-B852BBEEE808}.Release|Any CPU.ActiveCfg = Release|Any CPU
		{761C0BDA-C463-41BF-A566-B852BBEEE808}.Release|Any CPU.Build.0 = Release|Any CPU
	EndGlobalSection
	GlobalSection(SolutionProperties) = preSolution
		HideSolutionNode = FALSE
	EndGlobalSection
	GlobalSection(ExtensibilityGlobals) = postSolution
		SolutionGuid = {E0C3994B-94E3-48DF-8471-97263D641FCC}
	EndGlobalSection
EndGlobal
